// !$*UTF8*$!
{
	archiveVersion = 1;
	classes = {
	};
	objectVersion = 50;
	objects = {

/* Begin PBXBuildFile section */
		849C567C28B4F080006DC93D /* AppDelegate.swift in Sources */ = {isa = PBXBuildFile; fileRef = 849C567B28B4F080006DC93D /* AppDelegate.swift */; };
		849C567E28B4F080006DC93D /* SceneDelegate.swift in Sources */ = {isa = PBXBuildFile; fileRef = 849C567D28B4F080006DC93D /* SceneDelegate.swift */; };
		849C568328B4F080006DC93D /* Main.storyboard in Resources */ = {isa = PBXBuildFile; fileRef = 849C568128B4F080006DC93D /* Main.storyboard */; };
		849C568528B4F08D006DC93D /* Assets.xcassets in Resources */ = {isa = PBXBuildFile; fileRef = 849C568428B4F08D006DC93D /* Assets.xcassets */; };
		849C568828B4F08D006DC93D /* LaunchScreen.storyboard in Resources */ = {isa = PBXBuildFile; fileRef = 849C568628B4F08D006DC93D /* LaunchScreen.storyboard */; };
		849C569828B503DC006DC93D /* DirectoryFilePresenter.swift in Sources */ = {isa = PBXBuildFile; fileRef = 849C569228B503DC006DC93D /* DirectoryFilePresenter.swift */; };
		849C569928B503DC006DC93D /* DirectoryFileWorker.swift in Sources */ = {isa = PBXBuildFile; fileRef = 849C569328B503DC006DC93D /* DirectoryFileWorker.swift */; };
		849C569A28B503DC006DC93D /* DirectoryFileRouter.swift in Sources */ = {isa = PBXBuildFile; fileRef = 849C569428B503DC006DC93D /* DirectoryFileRouter.swift */; };
		849C569B28B503DC006DC93D /* DirectoryFileModels.swift in Sources */ = {isa = PBXBuildFile; fileRef = 849C569528B503DC006DC93D /* DirectoryFileModels.swift */; };
		849C569C28B503DC006DC93D /* DirectoryFileViewController.swift in Sources */ = {isa = PBXBuildFile; fileRef = 849C569628B503DC006DC93D /* DirectoryFileViewController.swift */; };
		849C569D28B503DC006DC93D /* DirectoryFileInteractor.swift in Sources */ = {isa = PBXBuildFile; fileRef = 849C569728B503DC006DC93D /* DirectoryFileInteractor.swift */; };
		849C56A528B505F5006DC93D /* DirectoryTableViewCell.swift in Sources */ = {isa = PBXBuildFile; fileRef = 849C56A428B505F5006DC93D /* DirectoryTableViewCell.swift */; };
		849C56AB28B56886006DC93D /* Constrants.swift in Sources */ = {isa = PBXBuildFile; fileRef = 849C56AA28B56886006DC93D /* Constrants.swift */; };
		849C56B428B5FBFA006DC93D /* ReminderPresenter.swift in Sources */ = {isa = PBXBuildFile; fileRef = 849C56AE28B5FBF9006DC93D /* ReminderPresenter.swift */; };
		849C56B528B5FBFA006DC93D /* ReminderWorker.swift in Sources */ = {isa = PBXBuildFile; fileRef = 849C56AF28B5FBF9006DC93D /* ReminderWorker.swift */; };
		849C56B628B5FBFA006DC93D /* ReminderRouter.swift in Sources */ = {isa = PBXBuildFile; fileRef = 849C56B028B5FBF9006DC93D /* ReminderRouter.swift */; };
		849C56B728B5FBFA006DC93D /* RemainderModels.swift in Sources */ = {isa = PBXBuildFile; fileRef = 849C56B128B5FBF9006DC93D /* RemainderModels.swift */; };
		849C56B828B5FBFA006DC93D /* ReminderViewController.swift in Sources */ = {isa = PBXBuildFile; fileRef = 849C56B228B5FBF9006DC93D /* ReminderViewController.swift */; };
		849C56B928B5FBFA006DC93D /* ReminderInteractor.swift in Sources */ = {isa = PBXBuildFile; fileRef = 849C56B328B5FBF9006DC93D /* ReminderInteractor.swift */; };
		849C56BD28B60227006DC93D /* RemaindetTableViewCell.swift in Sources */ = {isa = PBXBuildFile; fileRef = 849C56BC28B60227006DC93D /* RemaindetTableViewCell.swift */; };
		849C56C728B61168006DC93D /* ModifyRemainderPresenter.swift in Sources */ = {isa = PBXBuildFile; fileRef = 849C56C128B61168006DC93D /* ModifyRemainderPresenter.swift */; };
		849C56C828B61168006DC93D /* ModifyRemainderWorker.swift in Sources */ = {isa = PBXBuildFile; fileRef = 849C56C228B61168006DC93D /* ModifyRemainderWorker.swift */; };
		849C56C928B61168006DC93D /* ModifyRemainderRouter.swift in Sources */ = {isa = PBXBuildFile; fileRef = 849C56C328B61168006DC93D /* ModifyRemainderRouter.swift */; };
		849C56CA28B61168006DC93D /* CreateRemainderModels.swift in Sources */ = {isa = PBXBuildFile; fileRef = 849C56C428B61168006DC93D /* CreateRemainderModels.swift */; };
		849C56CB28B61168006DC93D /* ModifyRemainderViewController.swift in Sources */ = {isa = PBXBuildFile; fileRef = 849C56C528B61168006DC93D /* ModifyRemainderViewController.swift */; };
		849C56CC28B61168006DC93D /* ModifyRemainderInteractor.swift in Sources */ = {isa = PBXBuildFile; fileRef = 849C56C628B61168006DC93D /* ModifyRemainderInteractor.swift */; };
		849C56D628B64A92006DC93D /* ReminderForm.swift in Sources */ = {isa = PBXBuildFile; fileRef = 849C56D528B64A92006DC93D /* ReminderForm.swift */; };
		849C56DF28B68DC5006DC93D /* UpdatingWoker.swift in Sources */ = {isa = PBXBuildFile; fileRef = 849C56DE28B68DC4006DC93D /* UpdatingWoker.swift */; };
		84C37FB528BA020C0093A2F6 /* NotificatinManegerWoker.swift in Sources */ = {isa = PBXBuildFile; fileRef = 84C37FB428BA020C0093A2F6 /* NotificatinManegerWoker.swift */; };
		84C37FBF28BA17440093A2F6 /* Aler.swift in Sources */ = {isa = PBXBuildFile; fileRef = 84C37FBE28BA17440093A2F6 /* Aler.swift */; };
		84C37FCA28BA29260093A2F6 /* Extension.swift in Sources */ = {isa = PBXBuildFile; fileRef = 84C37FC928BA29260093A2F6 /* Extension.swift */; };
		84C37FCE28BA419C0093A2F6 /* ReminderDetailsViewController.swift in Sources */ = {isa = PBXBuildFile; fileRef = 84C37FCD28BA419C0093A2F6 /* ReminderDetailsViewController.swift */; };
/* End PBXBuildFile section */

/* Begin PBXFileReference section */
		849C567828B4F080006DC93D /* MirianMAglakelidze#24.app */ = {isa = PBXFileReference; explicitFileType = wrapper.application; includeInIndex = 0; path = "MirianMAglakelidze#24.app"; sourceTree = BUILT_PRODUCTS_DIR; };
		849C567B28B4F080006DC93D /* AppDelegate.swift */ = {isa = PBXFileReference; lastKnownFileType = sourcecode.swift; path = AppDelegate.swift; sourceTree = "<group>"; };
		849C567D28B4F080006DC93D /* SceneDelegate.swift */ = {isa = PBXFileReference; lastKnownFileType = sourcecode.swift; path = SceneDelegate.swift; sourceTree = "<group>"; };
		849C568228B4F080006DC93D /* Base */ = {isa = PBXFileReference; lastKnownFileType = file.storyboard; name = Base; path = Base.lproj/Main.storyboard; sourceTree = "<group>"; };
		849C568428B4F08D006DC93D /* Assets.xcassets */ = {isa = PBXFileReference; lastKnownFileType = folder.assetcatalog; path = Assets.xcassets; sourceTree = "<group>"; };
		849C568728B4F08D006DC93D /* Base */ = {isa = PBXFileReference; lastKnownFileType = file.storyboard; name = Base; path = Base.lproj/LaunchScreen.storyboard; sourceTree = "<group>"; };
		849C568928B4F08D006DC93D /* Info.plist */ = {isa = PBXFileReference; lastKnownFileType = text.plist.xml; path = Info.plist; sourceTree = "<group>"; };
		849C569228B503DC006DC93D /* DirectoryFilePresenter.swift */ = {isa = PBXFileReference; lastKnownFileType = sourcecode.swift; path = DirectoryFilePresenter.swift; sourceTree = "<group>"; };
		849C569328B503DC006DC93D /* DirectoryFileWorker.swift */ = {isa = PBXFileReference; lastKnownFileType = sourcecode.swift; path = DirectoryFileWorker.swift; sourceTree = "<group>"; };
		849C569428B503DC006DC93D /* DirectoryFileRouter.swift */ = {isa = PBXFileReference; lastKnownFileType = sourcecode.swift; path = DirectoryFileRouter.swift; sourceTree = "<group>"; };
		849C569528B503DC006DC93D /* DirectoryFileModels.swift */ = {isa = PBXFileReference; lastKnownFileType = sourcecode.swift; path = DirectoryFileModels.swift; sourceTree = "<group>"; };
		849C569628B503DC006DC93D /* DirectoryFileViewController.swift */ = {isa = PBXFileReference; lastKnownFileType = sourcecode.swift; path = DirectoryFileViewController.swift; sourceTree = "<group>"; };
		849C569728B503DC006DC93D /* DirectoryFileInteractor.swift */ = {isa = PBXFileReference; lastKnownFileType = sourcecode.swift; path = DirectoryFileInteractor.swift; sourceTree = "<group>"; };
		849C56A428B505F5006DC93D /* DirectoryTableViewCell.swift */ = {isa = PBXFileReference; lastKnownFileType = sourcecode.swift; path = DirectoryTableViewCell.swift; sourceTree = "<group>"; };
		849C56AA28B56886006DC93D /* Constrants.swift */ = {isa = PBXFileReference; lastKnownFileType = sourcecode.swift; path = Constrants.swift; sourceTree = "<group>"; };
		849C56AE28B5FBF9006DC93D /* ReminderPresenter.swift */ = {isa = PBXFileReference; lastKnownFileType = sourcecode.swift; path = ReminderPresenter.swift; sourceTree = "<group>"; };
		849C56AF28B5FBF9006DC93D /* ReminderWorker.swift */ = {isa = PBXFileReference; lastKnownFileType = sourcecode.swift; path = ReminderWorker.swift; sourceTree = "<group>"; };
		849C56B028B5FBF9006DC93D /* ReminderRouter.swift */ = {isa = PBXFileReference; lastKnownFileType = sourcecode.swift; path = ReminderRouter.swift; sourceTree = "<group>"; };
		849C56B128B5FBF9006DC93D /* RemainderModels.swift */ = {isa = PBXFileReference; lastKnownFileType = sourcecode.swift; path = RemainderModels.swift; sourceTree = "<group>"; };
		849C56B228B5FBF9006DC93D /* ReminderViewController.swift */ = {isa = PBXFileReference; lastKnownFileType = sourcecode.swift; path = ReminderViewController.swift; sourceTree = "<group>"; };
		849C56B328B5FBF9006DC93D /* ReminderInteractor.swift */ = {isa = PBXFileReference; lastKnownFileType = sourcecode.swift; path = ReminderInteractor.swift; sourceTree = "<group>"; };
		849C56BC28B60227006DC93D /* RemaindetTableViewCell.swift */ = {isa = PBXFileReference; lastKnownFileType = sourcecode.swift; path = RemaindetTableViewCell.swift; sourceTree = "<group>"; };
		849C56C128B61168006DC93D /* ModifyRemainderPresenter.swift */ = {isa = PBXFileReference; lastKnownFileType = sourcecode.swift; path = ModifyRemainderPresenter.swift; sourceTree = "<group>"; };
		849C56C228B61168006DC93D /* ModifyRemainderWorker.swift */ = {isa = PBXFileReference; lastKnownFileType = sourcecode.swift; path = ModifyRemainderWorker.swift; sourceTree = "<group>"; };
		849C56C328B61168006DC93D /* ModifyRemainderRouter.swift */ = {isa = PBXFileReference; lastKnownFileType = sourcecode.swift; path = ModifyRemainderRouter.swift; sourceTree = "<group>"; };
		849C56C428B61168006DC93D /* CreateRemainderModels.swift */ = {isa = PBXFileReference; lastKnownFileType = sourcecode.swift; path = CreateRemainderModels.swift; sourceTree = "<group>"; };
		849C56C528B61168006DC93D /* ModifyRemainderViewController.swift */ = {isa = PBXFileReference; lastKnownFileType = sourcecode.swift; path = ModifyRemainderViewController.swift; sourceTree = "<group>"; };
		849C56C628B61168006DC93D /* ModifyRemainderInteractor.swift */ = {isa = PBXFileReference; lastKnownFileType = sourcecode.swift; path = ModifyRemainderInteractor.swift; sourceTree = "<group>"; };
		849C56D528B64A92006DC93D /* ReminderForm.swift */ = {isa = PBXFileReference; lastKnownFileType = sourcecode.swift; path = ReminderForm.swift; sourceTree = "<group>"; };
		849C56DE28B68DC4006DC93D /* UpdatingWoker.swift */ = {isa = PBXFileReference; lastKnownFileType = sourcecode.swift; path = UpdatingWoker.swift; sourceTree = "<group>"; };
		84C37FB428BA020C0093A2F6 /* NotificatinManegerWoker.swift */ = {isa = PBXFileReference; lastKnownFileType = sourcecode.swift; path = NotificatinManegerWoker.swift; sourceTree = "<group>"; };
		84C37FB728BA06600093A2F6 /* MirianMAglakelidze#24.entitlements */ = {isa = PBXFileReference; lastKnownFileType = text.plist.entitlements; path = "MirianMAglakelidze#24.entitlements"; sourceTree = "<group>"; };
		84C37FBE28BA17440093A2F6 /* Aler.swift */ = {isa = PBXFileReference; lastKnownFileType = sourcecode.swift; path = Aler.swift; sourceTree = "<group>"; };
		84C37FC928BA29260093A2F6 /* Extension.swift */ = {isa = PBXFileReference; lastKnownFileType = sourcecode.swift; path = Extension.swift; sourceTree = "<group>"; };
		84C37FCD28BA419C0093A2F6 /* ReminderDetailsViewController.swift */ = {isa = PBXFileReference; lastKnownFileType = sourcecode.swift; path = ReminderDetailsViewController.swift; sourceTree = "<group>"; };
/* End PBXFileReference section */

/* Begin PBXFrameworksBuildPhase section */
		849C567528B4F080006DC93D /* Frameworks */ = {
			isa = PBXFrameworksBuildPhase;
			buildActionMask = 2147483647;
			files = (
			);
			runOnlyForDeploymentPostprocessing = 0;
		};
/* End PBXFrameworksBuildPhase section */

/* Begin PBXGroup section */
		849C566F28B4F080006DC93D = {
			isa = PBXGroup;
			children = (
				849C567A28B4F080006DC93D /* MirianMAglakelidze#24 */,
				849C567928B4F080006DC93D /* Products */,
			);
			sourceTree = "<group>";
		};
		849C567928B4F080006DC93D /* Products */ = {
			isa = PBXGroup;
			children = (
				849C567828B4F080006DC93D /* MirianMAglakelidze#24.app */,
			);
			name = Products;
			sourceTree = "<group>";
		};
		849C567A28B4F080006DC93D /* MirianMAglakelidze#24 */ = {
			isa = PBXGroup;
			children = (
				84C37FD228BA5B010093A2F6 /* ViewControllers */,
				84C37FC828BA290F0093A2F6 /* Extension */,
				849C56DD28B68D88006DC93D /* Wokers */,
				849C56D428B64A7A006DC93D /* Moduls */,
				849C56A928B56876006DC93D /* Constants */,
				849C56A728B5671B006DC93D /* TableViewCells */,
				849C569028B503A3006DC93D /* Scene */,
				849C567B28B4F080006DC93D /* AppDelegate.swift */,
				849C567D28B4F080006DC93D /* SceneDelegate.swift */,
				849C568128B4F080006DC93D /* Main.storyboard */,
				849C568428B4F08D006DC93D /* Assets.xcassets */,
				849C568628B4F08D006DC93D /* LaunchScreen.storyboard */,
				849C568928B4F08D006DC93D /* Info.plist */,
				84C37FB728BA06600093A2F6 /* MirianMAglakelidze#24.entitlements */,
			);
			path = "MirianMAglakelidze#24";
			sourceTree = "<group>";
		};
		849C569028B503A3006DC93D /* Scene */ = {
			isa = PBXGroup;
			children = (
				849C56C028B61141006DC93D /* ModifyRemainder */,
				849C56AD28B5FBD3006DC93D /* Reminder */,
				849C569128B503B7006DC93D /* Directory */,
			);
			path = Scene;
			sourceTree = "<group>";
		};
		849C569128B503B7006DC93D /* Directory */ = {
			isa = PBXGroup;
			children = (
				849C569628B503DC006DC93D /* DirectoryFileViewController.swift */,
				849C569728B503DC006DC93D /* DirectoryFileInteractor.swift */,
				849C569228B503DC006DC93D /* DirectoryFilePresenter.swift */,
				849C569328B503DC006DC93D /* DirectoryFileWorker.swift */,
				849C569428B503DC006DC93D /* DirectoryFileRouter.swift */,
				849C569528B503DC006DC93D /* DirectoryFileModels.swift */,
			);
			path = Directory;
			sourceTree = "<group>";
		};
		849C56A728B5671B006DC93D /* TableViewCells */ = {
			isa = PBXGroup;
			children = (
				849C56A428B505F5006DC93D /* DirectoryTableViewCell.swift */,
				849C56BC28B60227006DC93D /* RemaindetTableViewCell.swift */,
			);
			path = TableViewCells;
			sourceTree = "<group>";
		};
		849C56A928B56876006DC93D /* Constants */ = {
			isa = PBXGroup;
			children = (
				849C56AA28B56886006DC93D /* Constrants.swift */,
			);
			path = Constants;
			sourceTree = "<group>";
		};
		849C56AD28B5FBD3006DC93D /* Reminder */ = {
			isa = PBXGroup;
			children = (
				849C56B228B5FBF9006DC93D /* ReminderViewController.swift */,
				849C56B328B5FBF9006DC93D /* ReminderInteractor.swift */,
				849C56AE28B5FBF9006DC93D /* ReminderPresenter.swift */,
				849C56AF28B5FBF9006DC93D /* ReminderWorker.swift */,
				849C56B028B5FBF9006DC93D /* ReminderRouter.swift */,
				849C56B128B5FBF9006DC93D /* RemainderModels.swift */,
			);
			path = Reminder;
			sourceTree = "<group>";
		};
		849C56C028B61141006DC93D /* ModifyRemainder */ = {
			isa = PBXGroup;
			children = (
				849C56C528B61168006DC93D /* ModifyRemainderViewController.swift */,
				849C56C628B61168006DC93D /* ModifyRemainderInteractor.swift */,
				849C56C128B61168006DC93D /* ModifyRemainderPresenter.swift */,
				849C56C228B61168006DC93D /* ModifyRemainderWorker.swift */,
				849C56C328B61168006DC93D /* ModifyRemainderRouter.swift */,
				849C56C428B61168006DC93D /* CreateRemainderModels.swift */,
			);
			path = ModifyRemainder;
			sourceTree = "<group>";
		};
		849C56D428B64A7A006DC93D /* Moduls */ = {
			isa = PBXGroup;
			children = (
				849C56D528B64A92006DC93D /* ReminderForm.swift */,
				84C37FBE28BA17440093A2F6 /* Aler.swift */,
			);
			path = Moduls;
			sourceTree = "<group>";
		};
		849C56DD28B68D88006DC93D /* Wokers */ = {
			isa = PBXGroup;
			children = (
				849C56DE28B68DC4006DC93D /* UpdatingWoker.swift */,
				84C37FB428BA020C0093A2F6 /* NotificatinManegerWoker.swift */,
			);
			path = Wokers;
			sourceTree = "<group>";
		};
		84C37FC828BA290F0093A2F6 /* Extension */ = {
			isa = PBXGroup;
			children = (
				84C37FC928BA29260093A2F6 /* Extension.swift */,
			);
			path = Extension;
			sourceTree = "<group>";
		};
		84C37FD228BA5B010093A2F6 /* ViewControllers */ = {
			isa = PBXGroup;
			children = (
				84C37FCD28BA419C0093A2F6 /* ReminderDetailsViewController.swift */,
			);
			path = ViewControllers;
			sourceTree = "<group>";
		};
/* End PBXGroup section */

/* Begin PBXNativeTarget section */
		849C567728B4F080006DC93D /* MirianMAglakelidze#24 */ = {
			isa = PBXNativeTarget;
			buildConfigurationList = 849C568C28B4F08D006DC93D /* Build configuration list for PBXNativeTarget "MirianMAglakelidze#24" */;
			buildPhases = (
				849C567428B4F080006DC93D /* Sources */,
				849C567528B4F080006DC93D /* Frameworks */,
				849C567628B4F080006DC93D /* Resources */,
			);
			buildRules = (
			);
			dependencies = (
			);
			name = "MirianMAglakelidze#24";
			productName = "MirianMAglakelidze#24";
			productReference = 849C567828B4F080006DC93D /* MirianMAglakelidze#24.app */;
			productType = "com.apple.product-type.application";
		};
/* End PBXNativeTarget section */

/* Begin PBXProject section */
		849C567028B4F080006DC93D /* Project object */ = {
			isa = PBXProject;
			attributes = {
				LastSwiftUpdateCheck = 1240;
				LastUpgradeCheck = 1240;
				TargetAttributes = {
					849C567728B4F080006DC93D = {
						CreatedOnToolsVersion = 12.4;
					};
				};
			};
			buildConfigurationList = 849C567328B4F080006DC93D /* Build configuration list for PBXProject "MirianMAglakelidze#24" */;
			compatibilityVersion = "Xcode 9.3";
			developmentRegion = en;
			hasScannedForEncodings = 0;
			knownRegions = (
				en,
				Base,
			);
			mainGroup = 849C566F28B4F080006DC93D;
			productRefGroup = 849C567928B4F080006DC93D /* Products */;
			projectDirPath = "";
			projectRoot = "";
			targets = (
				849C567728B4F080006DC93D /* MirianMAglakelidze#24 */,
			);
		};
/* End PBXProject section */

/* Begin PBXResourcesBuildPhase section */
		849C567628B4F080006DC93D /* Resources */ = {
			isa = PBXResourcesBuildPhase;
			buildActionMask = 2147483647;
			files = (
				849C568828B4F08D006DC93D /* LaunchScreen.storyboard in Resources */,
				849C568528B4F08D006DC93D /* Assets.xcassets in Resources */,
				849C568328B4F080006DC93D /* Main.storyboard in Resources */,
			);
			runOnlyForDeploymentPostprocessing = 0;
		};
/* End PBXResourcesBuildPhase section */

/* Begin PBXSourcesBuildPhase section */
		849C567428B4F080006DC93D /* Sources */ = {
			isa = PBXSourcesBuildPhase;
			buildActionMask = 2147483647;
			files = (
				849C56D628B64A92006DC93D /* ReminderForm.swift in Sources */,
				849C56B628B5FBFA006DC93D /* ReminderRouter.swift in Sources */,
				849C569C28B503DC006DC93D /* DirectoryFileViewController.swift in Sources */,
				849C569B28B503DC006DC93D /* DirectoryFileModels.swift in Sources */,
				849C569928B503DC006DC93D /* DirectoryFileWorker.swift in Sources */,
				849C56A528B505F5006DC93D /* DirectoryTableViewCell.swift in Sources */,
				849C56BD28B60227006DC93D /* RemaindetTableViewCell.swift in Sources */,
				849C569828B503DC006DC93D /* DirectoryFilePresenter.swift in Sources */,
				849C569A28B503DC006DC93D /* DirectoryFileRouter.swift in Sources */,
				849C56B728B5FBFA006DC93D /* RemainderModels.swift in Sources */,
				849C56C928B61168006DC93D /* ModifyRemainderRouter.swift in Sources */,
				849C56B428B5FBFA006DC93D /* ReminderPresenter.swift in Sources */,
				849C567C28B4F080006DC93D /* AppDelegate.swift in Sources */,
				849C567E28B4F080006DC93D /* SceneDelegate.swift in Sources */,
				849C569D28B503DC006DC93D /* DirectoryFileInteractor.swift in Sources */,
				849C56AB28B56886006DC93D /* Constrants.swift in Sources */,
				849C56CC28B61168006DC93D /* ModifyRemainderInteractor.swift in Sources */,
				849C56C728B61168006DC93D /* ModifyRemainderPresenter.swift in Sources */,
				84C37FBF28BA17440093A2F6 /* Aler.swift in Sources */,
				849C56B928B5FBFA006DC93D /* ReminderInteractor.swift in Sources */,
				84C37FCE28BA419C0093A2F6 /* ReminderDetailsViewController.swift in Sources */,
				849C56B828B5FBFA006DC93D /* ReminderViewController.swift in Sources */,
				849C56CA28B61168006DC93D /* CreateRemainderModels.swift in Sources */,
				849C56DF28B68DC5006DC93D /* UpdatingWoker.swift in Sources */,
				84C37FCA28BA29260093A2F6 /* Extension.swift in Sources */,
				849C56B528B5FBFA006DC93D /* ReminderWorker.swift in Sources */,
				84C37FB528BA020C0093A2F6 /* NotificatinManegerWoker.swift in Sources */,
				849C56C828B61168006DC93D /* ModifyRemainderWorker.swift in Sources */,
				849C56CB28B61168006DC93D /* ModifyRemainderViewController.swift in Sources */,
			);
			runOnlyForDeploymentPostprocessing = 0;
		};
/* End PBXSourcesBuildPhase section */

/* Begin PBXVariantGroup section */
		849C568128B4F080006DC93D /* Main.storyboard */ = {
			isa = PBXVariantGroup;
			children = (
				849C568228B4F080006DC93D /* Base */,
			);
			name = Main.storyboard;
			sourceTree = "<group>";
		};
		849C568628B4F08D006DC93D /* LaunchScreen.storyboard */ = {
			isa = PBXVariantGroup;
			children = (
				849C568728B4F08D006DC93D /* Base */,
			);
			name = LaunchScreen.storyboard;
			sourceTree = "<group>";
		};
/* End PBXVariantGroup section */

/* Begin XCBuildConfiguration section */
		849C568A28B4F08D006DC93D /* Debug */ = {
			isa = XCBuildConfiguration;
			buildSettings = {
				ALWAYS_SEARCH_USER_PATHS = NO;
				CLANG_ANALYZER_NONNULL = YES;
				CLANG_ANALYZER_NUMBER_OBJECT_CONVERSION = YES_AGGRESSIVE;
				CLANG_CXX_LANGUAGE_STANDARD = "gnu++14";
				CLANG_CXX_LIBRARY = "libc++";
				CLANG_ENABLE_MODULES = YES;
				CLANG_ENABLE_OBJC_ARC = YES;
				CLANG_ENABLE_OBJC_WEAK = YES;
				CLANG_WARN_BLOCK_CAPTURE_AUTORELEASING = YES;
				CLANG_WARN_BOOL_CONVERSION = YES;
				CLANG_WARN_COMMA = YES;
				CLANG_WARN_CONSTANT_CONVERSION = YES;
				CLANG_WARN_DEPRECATED_OBJC_IMPLEMENTATIONS = YES;
				CLANG_WARN_DIRECT_OBJC_ISA_USAGE = YES_ERROR;
				CLANG_WARN_DOCUMENTATION_COMMENTS = YES;
				CLANG_WARN_EMPTY_BODY = YES;
				CLANG_WARN_ENUM_CONVERSION = YES;
				CLANG_WARN_INFINITE_RECURSION = YES;
				CLANG_WARN_INT_CONVERSION = YES;
				CLANG_WARN_NON_LITERAL_NULL_CONVERSION = YES;
				CLANG_WARN_OBJC_IMPLICIT_RETAIN_SELF = YES;
				CLANG_WARN_OBJC_LITERAL_CONVERSION = YES;
				CLANG_WARN_OBJC_ROOT_CLASS = YES_ERROR;
				CLANG_WARN_QUOTED_INCLUDE_IN_FRAMEWORK_HEADER = YES;
				CLANG_WARN_RANGE_LOOP_ANALYSIS = YES;
				CLANG_WARN_STRICT_PROTOTYPES = YES;
				CLANG_WARN_SUSPICIOUS_MOVE = YES;
				CLANG_WARN_UNGUARDED_AVAILABILITY = YES_AGGRESSIVE;
				CLANG_WARN_UNREACHABLE_CODE = YES;
				CLANG_WARN__DUPLICATE_METHOD_MATCH = YES;
				COPY_PHASE_STRIP = NO;
				DEBUG_INFORMATION_FORMAT = dwarf;
				ENABLE_STRICT_OBJC_MSGSEND = YES;
				ENABLE_TESTABILITY = YES;
				GCC_C_LANGUAGE_STANDARD = gnu11;
				GCC_DYNAMIC_NO_PIC = NO;
				GCC_NO_COMMON_BLOCKS = YES;
				GCC_OPTIMIZATION_LEVEL = 0;
				GCC_PREPROCESSOR_DEFINITIONS = (
					"DEBUG=1",
					"$(inherited)",
				);
				GCC_WARN_64_TO_32_BIT_CONVERSION = YES;
				GCC_WARN_ABOUT_RETURN_TYPE = YES_ERROR;
				GCC_WARN_UNDECLARED_SELECTOR = YES;
				GCC_WARN_UNINITIALIZED_AUTOS = YES_AGGRESSIVE;
				GCC_WARN_UNUSED_FUNCTION = YES;
				GCC_WARN_UNUSED_VARIABLE = YES;
				IPHONEOS_DEPLOYMENT_TARGET = 14.4;
				MTL_ENABLE_DEBUG_INFO = INCLUDE_SOURCE;
				MTL_FAST_MATH = YES;
				ONLY_ACTIVE_ARCH = YES;
				SDKROOT = iphoneos;
				SWIFT_ACTIVE_COMPILATION_CONDITIONS = DEBUG;
				SWIFT_OPTIMIZATION_LEVEL = "-Onone";
			};
			name = Debug;
		};
		849C568B28B4F08D006DC93D /* Release */ = {
			isa = XCBuildConfiguration;
			buildSettings = {
				ALWAYS_SEARCH_USER_PATHS = NO;
				CLANG_ANALYZER_NONNULL = YES;
				CLANG_ANALYZER_NUMBER_OBJECT_CONVERSION = YES_AGGRESSIVE;
				CLANG_CXX_LANGUAGE_STANDARD = "gnu++14";
				CLANG_CXX_LIBRARY = "libc++";
				CLANG_ENABLE_MODULES = YES;
				CLANG_ENABLE_OBJC_ARC = YES;
				CLANG_ENABLE_OBJC_WEAK = YES;
				CLANG_WARN_BLOCK_CAPTURE_AUTORELEASING = YES;
				CLANG_WARN_BOOL_CONVERSION = YES;
				CLANG_WARN_COMMA = YES;
				CLANG_WARN_CONSTANT_CONVERSION = YES;
				CLANG_WARN_DEPRECATED_OBJC_IMPLEMENTATIONS = YES;
				CLANG_WARN_DIRECT_OBJC_ISA_USAGE = YES_ERROR;
				CLANG_WARN_DOCUMENTATION_COMMENTS = YES;
				CLANG_WARN_EMPTY_BODY = YES;
				CLANG_WARN_ENUM_CONVERSION = YES;
				CLANG_WARN_INFINITE_RECURSION = YES;
				CLANG_WARN_INT_CONVERSION = YES;
				CLANG_WARN_NON_LITERAL_NULL_CONVERSION = YES;
				CLANG_WARN_OBJC_IMPLICIT_RETAIN_SELF = YES;
				CLANG_WARN_OBJC_LITERAL_CONVERSION = YES;
				CLANG_WARN_OBJC_ROOT_CLASS = YES_ERROR;
				CLANG_WARN_QUOTED_INCLUDE_IN_FRAMEWORK_HEADER = YES;
				CLANG_WARN_RANGE_LOOP_ANALYSIS = YES;
				CLANG_WARN_STRICT_PROTOTYPES = YES;
				CLANG_WARN_SUSPICIOUS_MOVE = YES;
				CLANG_WARN_UNGUARDED_AVAILABILITY = YES_AGGRESSIVE;
				CLANG_WARN_UNREACHABLE_CODE = YES;
				CLANG_WARN__DUPLICATE_METHOD_MATCH = YES;
				COPY_PHASE_STRIP = NO;
				DEBUG_INFORMATION_FORMAT = "dwarf-with-dsym";
				ENABLE_NS_ASSERTIONS = NO;
				ENABLE_STRICT_OBJC_MSGSEND = YES;
				GCC_C_LANGUAGE_STANDARD = gnu11;
				GCC_NO_COMMON_BLOCKS = YES;
				GCC_WARN_64_TO_32_BIT_CONVERSION = YES;
				GCC_WARN_ABOUT_RETURN_TYPE = YES_ERROR;
				GCC_WARN_UNDECLARED_SELECTOR = YES;
				GCC_WARN_UNINITIALIZED_AUTOS = YES_AGGRESSIVE;
				GCC_WARN_UNUSED_FUNCTION = YES;
				GCC_WARN_UNUSED_VARIABLE = YES;
				IPHONEOS_DEPLOYMENT_TARGET = 14.4;
				MTL_ENABLE_DEBUG_INFO = NO;
				MTL_FAST_MATH = YES;
				SDKROOT = iphoneos;
				SWIFT_COMPILATION_MODE = wholemodule;
				SWIFT_OPTIMIZATION_LEVEL = "-O";
				VALIDATE_PRODUCT = YES;
			};
			name = Release;
		};
		849C568D28B4F08D006DC93D /* Debug */ = {
			isa = XCBuildConfiguration;
			buildSettings = {
				ASSETCATALOG_COMPILER_APPICON_NAME = AppIcon;
				ASSETCATALOG_COMPILER_GLOBAL_ACCENT_COLOR_NAME = AccentColor;
				CODE_SIGN_ENTITLEMENTS = "MirianMAglakelidze#24/MirianMAglakelidze#24.entitlements";
				CODE_SIGN_STYLE = Manual;
				DEVELOPMENT_TEAM = "";
				INFOPLIST_FILE = "MirianMAglakelidze#24/Info.plist";
				LD_RUNPATH_SEARCH_PATHS = (
					"$(inherited)",
					"@executable_path/Frameworks",
				);
				PRODUCT_BUNDLE_IDENTIFIER = "Mirian-maglakelidze.MirianMAglakelidze-24";
				PRODUCT_NAME = "$(TARGET_NAME)";
				PROVISIONING_PROFILE_SPECIFIER = "";
				SWIFT_VERSION = 5.0;
				TARGETED_DEVICE_FAMILY = "1,2";
			};
			name = Debug;
		};
		849C568E28B4F08D006DC93D /* Release */ = {
			isa = XCBuildConfiguration;
			buildSettings = {
				ASSETCATALOG_COMPILER_APPICON_NAME = AppIcon;
				ASSETCATALOG_COMPILER_GLOBAL_ACCENT_COLOR_NAME = AccentColor;
				CODE_SIGN_ENTITLEMENTS = "MirianMAglakelidze#24/MirianMAglakelidze#24.entitlements";
				CODE_SIGN_STYLE = Manual;
				DEVELOPMENT_TEAM = "";
				INFOPLIST_FILE = "MirianMAglakelidze#24/Info.plist";
				LD_RUNPATH_SEARCH_PATHS = (
					"$(inherited)",
					"@executable_path/Frameworks",
				);
				PRODUCT_BUNDLE_IDENTIFIER = "Mirian-maglakelidze.MirianMAglakelidze-24";
				PRODUCT_NAME = "$(TARGET_NAME)";
				PROVISIONING_PROFILE_SPECIFIER = "";
				SWIFT_VERSION = 5.0;
				TARGETED_DEVICE_FAMILY = "1,2";
			};
			name = Release;
		};
/* End XCBuildConfiguration section */

/* Begin XCConfigurationList section */
		849C567328B4F080006DC93D /* Build configuration list for PBXProject "MirianMAglakelidze#24" */ = {
			isa = XCConfigurationList;
			buildConfigurations = (
				849C568A28B4F08D006DC93D /* Debug */,
				849C568B28B4F08D006DC93D /* Release */,
			);
			defaultConfigurationIsVisible = 0;
			defaultConfigurationName = Release;
		};
		849C568C28B4F08D006DC93D /* Build configuration list for PBXNativeTarget "MirianMAglakelidze#24" */ = {
			isa = XCConfigurationList;
			buildConfigurations = (
				849C568D28B4F08D006DC93D /* Debug */,
				849C568E28B4F08D006DC93D /* Release */,
			);
			defaultConfigurationIsVisible = 0;
			defaultConfigurationName = Release;
		};
/* End XCConfigurationList section */
	};
	rootObject = 849C567028B4F080006DC93D /* Project object */;
}
