// !$*UTF8*$!
{
	archiveVersion = 1;
	classes = {
	};
	objectVersion = 50;
	objects = {

/* Begin PBXBuildFile section */
		849C567C28B4F080006DC93D /* AppDelegate.swift in Sources */ = {isa = PBXBuildFile; fileRef = 849C567B28B4F080006DC93D /* AppDelegate.swift */; };
		849C567E28B4F080006DC93D /* SceneDelegate.swift in Sources */ = {isa = PBXBuildFile; fileRef = 849C567D28B4F080006DC93D /* SceneDelegate.swift */; };
		849C568028B4F080006DC93D /* ViewController.swift in Sources */ = {isa = PBXBuildFile; fileRef = 849C567F28B4F080006DC93D /* ViewController.swift */; };
		849C568328B4F080006DC93D /* Main.storyboard in Resources */ = {isa = PBXBuildFile; fileRef = 849C568128B4F080006DC93D /* Main.storyboard */; };
		849C568528B4F08D006DC93D /* Assets.xcassets in Resources */ = {isa = PBXBuildFile; fileRef = 849C568428B4F08D006DC93D /* Assets.xcassets */; };
		849C568828B4F08D006DC93D /* LaunchScreen.storyboard in Resources */ = {isa = PBXBuildFile; fileRef = 849C568628B4F08D006DC93D /* LaunchScreen.storyboard */; };
/* End PBXBuildFile section */

/* Begin PBXFileReference section */
		849C567828B4F080006DC93D /* MirianMAglakelidze#24.app */ = {isa = PBXFileReference; explicitFileType = wrapper.application; includeInIndex = 0; path = "MirianMAglakelidze#24.app"; sourceTree = BUILT_PRODUCTS_DIR; };
		849C567B28B4F080006DC93D /* AppDelegate.swift */ = {isa = PBXFileReference; lastKnownFileType = sourcecode.swift; path = AppDelegate.swift; sourceTree = "<group>"; };
		849C567D28B4F080006DC93D /* SceneDelegate.swift */ = {isa = PBXFileReference; lastKnownFileType = sourcecode.swift; path = SceneDelegate.swift; sourceTree = "<group>"; };
		849C567F28B4F080006DC93D /* ViewController.swift */ = {isa = PBXFileReference; lastKnownFileType = sourcecode.swift; path = ViewController.swift; sourceTree = "<group>"; };
		849C568228B4F080006DC93D /* Base */ = {isa = PBXFileReference; lastKnownFileType = file.storyboard; name = Base; path = Base.lproj/Main.storyboard; sourceTree = "<group>"; };
		849C568428B4F08D006DC93D /* Assets.xcassets */ = {isa = PBXFileReference; lastKnownFileType = folder.assetcatalog; path = Assets.xcassets; sourceTree = "<group>"; };
		849C568728B4F08D006DC93D /* Base */ = {isa = PBXFileReference; lastKnownFileType = file.storyboard; name = Base; path = Base.lproj/LaunchScreen.storyboard; sourceTree = "<group>"; };
		849C568928B4F08D006DC93D /* Info.plist */ = {isa = PBXFileReference; lastKnownFileType = text.plist.xml; path = Info.plist; sourceTree = "<group>"; };
/* End PBXFileReference section */

/* Begin PBXFrameworksBuildPhase section */
		849C567528B4F080006DC93D /* Frameworks */ = {
			isa = PBXFrameworksBuildPhase;
			buildActionMask = 2147483647;
			files = (
			);
			runOnlyForDeploymentPostprocessing = 0;
		};
/* End PBXFrameworksBuildPhase section */

/* Begin PBXGroup section */
		849C566F28B4F080006DC93D = {
			isa = PBXGroup;
			children = (
				849C567A28B4F080006DC93D /* MirianMAglakelidze#24 */,
				849C567928B4F080006DC93D /* Products */,
			);
			sourceTree = "<group>";
		};
		849C567928B4F080006DC93D /* Products */ = {
			isa = PBXGroup;
			children = (
				849C567828B4F080006DC93D /* MirianMAglakelidze#24.app */,
			);
			name = Products;
			sourceTree = "<group>";
		};
		849C567A28B4F080006DC93D /* MirianMAglakelidze#24 */ = {
			isa = PBXGroup;
			children = (
				849C567B28B4F080006DC93D /* AppDelegate.swift */,
				849C567D28B4F080006DC93D /* SceneDelegate.swift */,
				849C567F28B4F080006DC93D /* ViewController.swift */,
				849C568128B4F080006DC93D /* Main.storyboard */,
				849C568428B4F08D006DC93D /* Assets.xcassets */,
				849C568628B4F08D006DC93D /* LaunchScreen.storyboard */,
				849C568928B4F08D006DC93D /* Info.plist */,
			);
			path = "MirianMAglakelidze#24";
			sourceTree = "<group>";
		};
/* End PBXGroup section */

/* Begin PBXNativeTarget section */
		849C567728B4F080006DC93D /* MirianMAglakelidze#24 */ = {
			isa = PBXNativeTarget;
			buildConfigurationList = 849C568C28B4F08D006DC93D /* Build configuration list for PBXNativeTarget "MirianMAglakelidze#24" */;
			buildPhases = (
				849C567428B4F080006DC93D /* Sources */,
				849C567528B4F080006DC93D /* Frameworks */,
				849C567628B4F080006DC93D /* Resources */,
			);
			buildRules = (
			);
			dependencies = (
			);
			name = "MirianMAglakelidze#24";
			productName = "MirianMAglakelidze#24";
			productReference = 849C567828B4F080006DC93D /* MirianMAglakelidze#24.app */;
			productType = "com.apple.product-type.application";
		};
/* End PBXNativeTarget section */

/* Begin PBXProject section */
		849C567028B4F080006DC93D /* Project object */ = {
			isa = PBXProject;
			attributes = {
				LastSwiftUpdateCheck = 1240;
				LastUpgradeCheck = 1240;
				TargetAttributes = {
					849C567728B4F080006DC93D = {
						CreatedOnToolsVersion = 12.4;
					};
				};
			};
			buildConfigurationList = 849C567328B4F080006DC93D /* Build configuration list for PBXProject "MirianMAglakelidze#24" */;
			compatibilityVersion = "Xcode 9.3";
			developmentRegion = en;
			hasScannedForEncodings = 0;
			knownRegions = (
				en,
				Base,
			);
			mainGroup = 849C566F28B4F080006DC93D;
			productRefGroup = 849C567928B4F080006DC93D /* Products */;
			projectDirPath = "";
			projectRoot = "";
			targets = (
				849C567728B4F080006DC93D /* MirianMAglakelidze#24 */,
			);
		};
/* End PBXProject section */

/* Begin PBXResourcesBuildPhase section */
		849C567628B4F080006DC93D /* Resources */ = {
			isa = PBXResourcesBuildPhase;
			buildActionMask = 2147483647;
			files = (
				849C568828B4F08D006DC93D /* LaunchScreen.storyboard in Resources */,
				849C568528B4F08D006DC93D /* Assets.xcassets in Resources */,
				849C568328B4F080006DC93D /* Main.storyboard in Resources */,
			);
			runOnlyForDeploymentPostprocessing = 0;
		};
/* End PBXResourcesBuildPhase section */

/* Begin PBXSourcesBuildPhase section */
		849C567428B4F080006DC93D /* Sources */ = {
			isa = PBXSourcesBuildPhase;
			buildActionMask = 2147483647;
			files = (
				849C568028B4F080006DC93D /* ViewController.swift in Sources */,
				849C567C28B4F080006DC93D /* AppDelegate.swift in Sources */,
				849C567E28B4F080006DC93D /* SceneDelegate.swift in Sources */,
			);
			runOnlyForDeploymentPostprocessing = 0;
		};
/* End PBXSourcesBuildPhase section */

/* Begin PBXVariantGroup section */
		849C568128B4F080006DC93D /* Main.storyboard */ = {
			isa = PBXVariantGroup;
			children = (
				849C568228B4F080006DC93D /* Base */,
			);
			name = Main.storyboard;
			sourceTree = "<group>";
		};
		849C568628B4F08D006DC93D /* LaunchScreen.storyboard */ = {
			isa = PBXVariantGroup;
			children = (
				849C568728B4F08D006DC93D /* Base */,
			);
			name = LaunchScreen.storyboard;
			sourceTree = "<group>";
		};
/* End PBXVariantGroup section */

/* Begin XCBuildConfiguration section */
		849C568A28B4F08D006DC93D /* Debug */ = {
			isa = XCBuildConfiguration;
			buildSettings = {
				ALWAYS_SEARCH_USER_PATHS = NO;
				CLANG_ANALYZER_NONNULL = YES;
				CLANG_ANALYZER_NUMBER_OBJECT_CONVERSION = YES_AGGRESSIVE;
				CLANG_CXX_LANGUAGE_STANDARD = "gnu++14";
				CLANG_CXX_LIBRARY = "libc++";
				CLANG_ENABLE_MODULES = YES;
				CLANG_ENABLE_OBJC_ARC = YES;
				CLANG_ENABLE_OBJC_WEAK = YES;
				CLANG_WARN_BLOCK_CAPTURE_AUTORELEASING = YES;
				CLANG_WARN_BOOL_CONVERSION = YES;
				CLANG_WARN_COMMA = YES;
				CLANG_WARN_CONSTANT_CONVERSION = YES;
				CLANG_WARN_DEPRECATED_OBJC_IMPLEMENTATIONS = YES;
				CLANG_WARN_DIRECT_OBJC_ISA_USAGE = YES_ERROR;
				CLANG_WARN_DOCUMENTATION_COMMENTS = YES;
				CLANG_WARN_EMPTY_BODY = YES;
				CLANG_WARN_ENUM_CONVERSION = YES;
				CLANG_WARN_INFINITE_RECURSION = YES;
				CLANG_WARN_INT_CONVERSION = YES;
				CLANG_WARN_NON_LITERAL_NULL_CONVERSION = YES;
				CLANG_WARN_OBJC_IMPLICIT_RETAIN_SELF = YES;
				CLANG_WARN_OBJC_LITERAL_CONVERSION = YES;
				CLANG_WARN_OBJC_ROOT_CLASS = YES_ERROR;
				CLANG_WARN_QUOTED_INCLUDE_IN_FRAMEWORK_HEADER = YES;
				CLANG_WARN_RANGE_LOOP_ANALYSIS = YES;
				CLANG_WARN_STRICT_PROTOTYPES = YES;
				CLANG_WARN_SUSPICIOUS_MOVE = YES;
				CLANG_WARN_UNGUARDED_AVAILABILITY = YES_AGGRESSIVE;
				CLANG_WARN_UNREACHABLE_CODE = YES;
				CLANG_WARN__DUPLICATE_METHOD_MATCH = YES;
				COPY_PHASE_STRIP = NO;
				DEBUG_INFORMATION_FORMAT = dwarf;
				ENABLE_STRICT_OBJC_MSGSEND = YES;
				ENABLE_TESTABILITY = YES;
				GCC_C_LANGUAGE_STANDARD = gnu11;
				GCC_DYNAMIC_NO_PIC = NO;
				GCC_NO_COMMON_BLOCKS = YES;
				GCC_OPTIMIZATION_LEVEL = 0;
				GCC_PREPROCESSOR_DEFINITIONS = (
					"DEBUG=1",
					"$(inherited)",
				);
				GCC_WARN_64_TO_32_BIT_CONVERSION = YES;
				GCC_WARN_ABOUT_RETURN_TYPE = YES_ERROR;
				GCC_WARN_UNDECLARED_SELECTOR = YES;
				GCC_WARN_UNINITIALIZED_AUTOS = YES_AGGRESSIVE;
				GCC_WARN_UNUSED_FUNCTION = YES;
				GCC_WARN_UNUSED_VARIABLE = YES;
				IPHONEOS_DEPLOYMENT_TARGET = 14.4;
				MTL_ENABLE_DEBUG_INFO = INCLUDE_SOURCE;
				MTL_FAST_MATH = YES;
				ONLY_ACTIVE_ARCH = YES;
				SDKROOT = iphoneos;
				SWIFT_ACTIVE_COMPILATION_CONDITIONS = DEBUG;
				SWIFT_OPTIMIZATION_LEVEL = "-Onone";
			};
			name = Debug;
		};
		849C568B28B4F08D006DC93D /* Release */ = {
			isa = XCBuildConfiguration;
			buildSettings = {
				ALWAYS_SEARCH_USER_PATHS = NO;
				CLANG_ANALYZER_NONNULL = YES;
				CLANG_ANALYZER_NUMBER_OBJECT_CONVERSION = YES_AGGRESSIVE;
				CLANG_CXX_LANGUAGE_STANDARD = "gnu++14";
				CLANG_CXX_LIBRARY = "libc++";
				CLANG_ENABLE_MODULES = YES;
				CLANG_ENABLE_OBJC_ARC = YES;
				CLANG_ENABLE_OBJC_WEAK = YES;
				CLANG_WARN_BLOCK_CAPTURE_AUTORELEASING = YES;
				CLANG_WARN_BOOL_CONVERSION = YES;
				CLANG_WARN_COMMA = YES;
				CLANG_WARN_CONSTANT_CONVERSION = YES;
				CLANG_WARN_DEPRECATED_OBJC_IMPLEMENTATIONS = YES;
				CLANG_WARN_DIRECT_OBJC_ISA_USAGE = YES_ERROR;
				CLANG_WARN_DOCUMENTATION_COMMENTS = YES;
				CLANG_WARN_EMPTY_BODY = YES;
				CLANG_WARN_ENUM_CONVERSION = YES;
				CLANG_WARN_INFINITE_RECURSION = YES;
				CLANG_WARN_INT_CONVERSION = YES;
				CLANG_WARN_NON_LITERAL_NULL_CONVERSION = YES;
				CLANG_WARN_OBJC_IMPLICIT_RETAIN_SELF = YES;
				CLANG_WARN_OBJC_LITERAL_CONVERSION = YES;
				CLANG_WARN_OBJC_ROOT_CLASS = YES_ERROR;
				CLANG_WARN_QUOTED_INCLUDE_IN_FRAMEWORK_HEADER = YES;
				CLANG_WARN_RANGE_LOOP_ANALYSIS = YES;
				CLANG_WARN_STRICT_PROTOTYPES = YES;
				CLANG_WARN_SUSPICIOUS_MOVE = YES;
				CLANG_WARN_UNGUARDED_AVAILABILITY = YES_AGGRESSIVE;
				CLANG_WARN_UNREACHABLE_CODE = YES;
				CLANG_WARN__DUPLICATE_METHOD_MATCH = YES;
				COPY_PHASE_STRIP = NO;
				DEBUG_INFORMATION_FORMAT = "dwarf-with-dsym";
				ENABLE_NS_ASSERTIONS = NO;
				ENABLE_STRICT_OBJC_MSGSEND = YES;
				GCC_C_LANGUAGE_STANDARD = gnu11;
				GCC_NO_COMMON_BLOCKS = YES;
				GCC_WARN_64_TO_32_BIT_CONVERSION = YES;
				GCC_WARN_ABOUT_RETURN_TYPE = YES_ERROR;
				GCC_WARN_UNDECLARED_SELECTOR = YES;
				GCC_WARN_UNINITIALIZED_AUTOS = YES_AGGRESSIVE;
				GCC_WARN_UNUSED_FUNCTION = YES;
				GCC_WARN_UNUSED_VARIABLE = YES;
				IPHONEOS_DEPLOYMENT_TARGET = 14.4;
				MTL_ENABLE_DEBUG_INFO = NO;
				MTL_FAST_MATH = YES;
				SDKROOT = iphoneos;
				SWIFT_COMPILATION_MODE = wholemodule;
				SWIFT_OPTIMIZATION_LEVEL = "-O";
				VALIDATE_PRODUCT = YES;
			};
			name = Release;
		};
		849C568D28B4F08D006DC93D /* Debug */ = {
			isa = XCBuildConfiguration;
			buildSettings = {
				ASSETCATALOG_COMPILER_APPICON_NAME = AppIcon;
				ASSETCATALOG_COMPILER_GLOBAL_ACCENT_COLOR_NAME = AccentColor;
				CODE_SIGN_STYLE = Automatic;
				INFOPLIST_FILE = "MirianMAglakelidze#24/Info.plist";
				LD_RUNPATH_SEARCH_PATHS = (
					"$(inherited)",
					"@executable_path/Frameworks",
				);
				PRODUCT_BUNDLE_IDENTIFIER = "Mirian-maglakelidze.MirianMAglakelidze-24";
				PRODUCT_NAME = "$(TARGET_NAME)";
				SWIFT_VERSION = 5.0;
				TARGETED_DEVICE_FAMILY = "1,2";
			};
			name = Debug;
		};
		849C568E28B4F08D006DC93D /* Release */ = {
			isa = XCBuildConfiguration;
			buildSettings = {
				ASSETCATALOG_COMPILER_APPICON_NAME = AppIcon;
				ASSETCATALOG_COMPILER_GLOBAL_ACCENT_COLOR_NAME = AccentColor;
				CODE_SIGN_STYLE = Automatic;
				INFOPLIST_FILE = "MirianMAglakelidze#24/Info.plist";
				LD_RUNPATH_SEARCH_PATHS = (
					"$(inherited)",
					"@executable_path/Frameworks",
				);
				PRODUCT_BUNDLE_IDENTIFIER = "Mirian-maglakelidze.MirianMAglakelidze-24";
				PRODUCT_NAME = "$(TARGET_NAME)";
				SWIFT_VERSION = 5.0;
				TARGETED_DEVICE_FAMILY = "1,2";
			};
			name = Release;
		};
/* End XCBuildConfiguration section */

/* Begin XCConfigurationList section */
		849C567328B4F080006DC93D /* Build configuration list for PBXProject "MirianMAglakelidze#24" */ = {
			isa = XCConfigurationList;
			buildConfigurations = (
				849C568A28B4F08D006DC93D /* Debug */,
				849C568B28B4F08D006DC93D /* Release */,
			);
			defaultConfigurationIsVisible = 0;
			defaultConfigurationName = Release;
		};
		849C568C28B4F08D006DC93D /* Build configuration list for PBXNativeTarget "MirianMAglakelidze#24" */ = {
			isa = XCConfigurationList;
			buildConfigurations = (
				849C568D28B4F08D006DC93D /* Debug */,
				849C568E28B4F08D006DC93D /* Release */,
			);
			defaultConfigurationIsVisible = 0;
			defaultConfigurationName = Release;
		};
/* End XCConfigurationList section */
	};
	rootObject = 849C567028B4F080006DC93D /* Project object */;
}
